// !$*UTF8*$!
{
	archiveVersion = 1;
	classes = {
	};
	objectVersion = 56;
	objects = {

/* Begin PBXBuildFile section */
		C986E7777905418090EC1B8A /* SignUpView.swift in Sources */ = {isa = PBXBuildFile; fileRef = 83D1D15E596243A187B3D12E /* SignUpView.swift */; };
		5F17587F06D24AB9AE7AE78D /* NewPetProfileView.swift in Sources */ = {isa = PBXBuildFile; fileRef = 25603DBD67304B5DBC50CDB7 /* NewPetProfileView.swift */; };
		210226CBED1D4D819D693D46 /* NewPetAccountView.swift in Sources */ = {isa = PBXBuildFile; fileRef = CA96F9FDAE4244DB93CD29C6 /* NewPetAccountView.swift */; };
		B51D2AE5EB48440CB2CF6B79 /* NewPaywallView.swift in Sources */ = {isa = PBXBuildFile; fileRef = 5CF08C1294A64E9E8BFAB6B9 /* NewPaywallView.swift */; };
		8934856F7603453EAA304EB1 /* NewOnboardingView.swift in Sources */ = {isa = PBXBuildFile; fileRef = C5BF8E53A25440CD853EC25D /* NewOnboardingView.swift */; };
		B00C686DB8E14827ADB78F3F /* NewMainTabView.swift in Sources */ = {isa = PBXBuildFile; fileRef = D3B9BB6CDD8E400F94D253E4 /* NewMainTabView.swift */; };
		0437D52CB6B545449A102486 /* NewChatView.swift in Sources */ = {isa = PBXBuildFile; fileRef = 15AAB71C3ADA405BB6E9D340 /* NewChatView.swift */; };
		BA245AD6B5B94807B145A150 /* DailyLogEntryView.swift in Sources */ = {isa = PBXBuildFile; fileRef = E6C5F0CB2D444B658A525515 /* DailyLogEntryView.swift */; };
		LOGDETAIL0001000000000001 /* LogDetailView.swift in Sources */ = {isa = PBXBuildFile; fileRef = LOGDETAIL0002000000000001 /* LogDetailView.swift */; };
		NOTIFMGR0001000000000001 /* NotificationManager.swift in Sources */ = {isa = PBXBuildFile; fileRef = NOTIFMGR0002000000000001 /* NotificationManager.swift */; };
		HEALTHLOGSYNC001000000001 /* HealthLogSyncService.swift in Sources */ = {isa = PBXBuildFile; fileRef = HEALTHLOGSYNC002000000001 /* HealthLogSyncService.swift */; };
		NOTIFSETTINGS001000000001 /* NotificationSettingsView.swift in Sources */ = {isa = PBXBuildFile; fileRef = NOTIFSETTINGS002000000001 /* NotificationSettingsView.swift */; };
		WEIGHTTRACK0001000000001 /* WeightTrackingView.swift in Sources */ = {isa = PBXBuildFile; fileRef = WEIGHTTRACK0002000000001 /* WeightTrackingView.swift */; };
		2789FA520A6842ECA2DA30AB /* HomeDashboardView.swift in Sources */ = {isa = PBXBuildFile; fileRef = 0E846120EE184CE98CF7FC84 /* HomeDashboardView.swift */; };
		HEALTHLOG0001000000000001 /* HealthLogEntry.swift in Sources */ = {isa = PBXBuildFile; fileRef = HEALTHLOG0002000000000001 /* HealthLogEntry.swift */; };
		HEALTHTIMELINE0001000001 /* HealthTimelineView.swift in Sources */ = {isa = PBXBuildFile; fileRef = HEALTHTIMELINE0002000001 /* HealthTimelineView.swift */; };
		PETHEALTHSCORE0001000001 /* PetHealthScore.swift in Sources */ = {isa = PBXBuildFile; fileRef = PETHEALTHSCORE0002000001 /* PetHealthScore.swift */; };
		PETHEALTHSCOREVIEW000001 /* PetHealthScoreView.swift in Sources */ = {isa = PBXBuildFile; fileRef = PETHEALTHSCOREVIEW000002 /* PetHealthScoreView.swift */; };
		PETREMINDER00001000001 /* PetReminder.swift in Sources */ = {isa = PBXBuildFile; fileRef = PETREMINDER00002000001 /* PetReminder.swift */; };
		PETREMINDERSVIEW000001 /* PetRemindersView.swift in Sources */ = {isa = PBXBuildFile; fileRef = PETREMINDERSVIEW000002 /* PetRemindersView.swift */; };
		VETSUMMARYEXPORT000001 /* VetSummaryExportView.swift in Sources */ = {isa = PBXBuildFile; fileRef = VETSUMMARYEXPORT000002 /* VetSummaryExportView.swift */; };
		PETSWITCHERVIEW0000001 /* PetSwitcherView.swift in Sources */ = {isa = PBXBuildFile; fileRef = PETSWITCHERVIEW0000002 /* PetSwitcherView.swift */; };
		HEALTHINSIGHTS00000001 /* HealthInsightsDashboardView.swift in Sources */ = {isa = PBXBuildFile; fileRef = HEALTHINSIGHTS00000002 /* HealthInsightsDashboardView.swift */; };
		PHOTOATTACHMENT0000001 /* PhotoAttachmentView.swift in Sources */ = {isa = PBXBuildFile; fileRef = PHOTOATTACHMENT0000002 /* PhotoAttachmentView.swift */; };
		ANIMATIONSPOLISH000001 /* AnimationsAndPolish.swift in Sources */ = {isa = PBXBuildFile; fileRef = ANIMATIONSPOLISH000002 /* AnimationsAndPolish.swift */; };
		A1000001000000000000001 /* DogHealthAppApp.swift in Sources */ = {isa = PBXBuildFile; fileRef = A1000002000000000000001 /* DogHealthAppApp.swift */; };
		A1000003000000000000001 /* ContentView.swift in Sources */ = {isa = PBXBuildFile; fileRef = A1000004000000000000001 /* ContentView.swift */; };
		A1000005000000000000001 /* Assets.xcassets in Resources */ = {isa = PBXBuildFile; fileRef = A1000006000000000000001 /* Assets.xcassets */; };
		D9436F7956C74F56B210E6D2 /* LaunchScreen.storyboard in Resources */ = {isa = PBXBuildFile; fileRef = 33786989129549ECA43EE73E /* LaunchScreen.storyboard */; };
		33786989129549ECA43EE73E /* LaunchScreen.storyboard */ = {isa = PBXFileReference; lastKnownFileType = file.storyboard; path = LaunchScreen.storyboard; sourceTree = "<group>"; };
		625AA4EFFCD84AF08CBFA15E /* Poppins-Regular.ttf in Resources */ = {isa = PBXBuildFile; fileRef = 7ADBB396E3104B03AE31F1E7 /* Poppins-Regular.ttf */; };
		20F91AFFDE384C0C9AAADEC9 /* Poppins-Medium.ttf in Resources */ = {isa = PBXBuildFile; fileRef = 7780EAE97E794411A98F2973 /* Poppins-Medium.ttf */; };
		B91D276A3DB64339AECD783D /* Stylish-Regular.ttf in Resources */ = {isa = PBXBuildFile; fileRef = 1E7E305694624563A1C34020 /* Stylish-Regular.ttf */; };
		A1000007000000000000001 /* OnboardingView.swift in Sources */ = {isa = PBXBuildFile; fileRef = A1000008000000000000001 /* OnboardingView.swift */; };
		A1000009000000000000001 /* SignInView.swift in Sources */ = {isa = PBXBuildFile; fileRef = A1000010000000000000001 /* SignInView.swift */; };
		A1000011000000000000001 /* PaywallView.swift in Sources */ = {isa = PBXBuildFile; fileRef = A1000012000000000000001 /* PaywallView.swift */; };
		A1000013000000000000001 /* ChatView.swift in Sources */ = {isa = PBXBuildFile; fileRef = A1000014000000000000001 /* ChatView.swift */; };
		A1000015000000000000001 /* APIConfig.swift in Sources */ = {isa = PBXBuildFile; fileRef = A1000016000000000000001 /* APIConfig.swift */; };

		A0A1000034000000000000002 /* PetlyColors.swift in Sources */ = {isa = PBXBuildFile; fileRef = A0A1000034000000000000001 /* PetlyColors.swift */; };
		A0A1000034000000000000004 /* Dog.swift in Sources */ = {isa = PBXBuildFile; fileRef = A0A1000034000000000000003 /* Dog.swift */; };
		A0A1000034000000000000006 /* Message.swift in Sources */ = {isa = PBXBuildFile; fileRef = A0A1000034000000000000005 /* Message.swift */; };
		A0A1000034000000000000008 /* User.swift in Sources */ = {isa = PBXBuildFile; fileRef = A0A1000034000000000000007 /* User.swift */; };
		A0A100003400000000000000A /* APIService.swift in Sources */ = {isa = PBXBuildFile; fileRef = A0A1000034000000000000009 /* APIService.swift */; };

		A0A1000060000000000000002 /* MainTabView.swift in Sources */ = {isa = PBXBuildFile; fileRef = A0A1000060000000000000001 /* MainTabView.swift */; };
		A0A1000060000000000000004 /* PetProfileView.swift in Sources */ = {isa = PBXBuildFile; fileRef = A0A1000060000000000000003 /* PetProfileView.swift */; };
		A0A1000060000000000000006 /* SettingsView.swift in Sources */ = {isa = PBXBuildFile; fileRef = A0A1000060000000000000005 /* SettingsView.swift */; };
		E1638163DC7D4DABBF89F109 /* Poppins-Regular.ttf in Resources */ = {isa = PBXBuildFile; fileRef = 7ADBB396E3104B03AE31F1E7 /* Poppins-Regular.ttf */; };
		14792D4B354E43C695787430 /* Poppins-Medium.ttf in Resources */ = {isa = PBXBuildFile; fileRef = 7780EAE97E794411A98F2973 /* Poppins-Medium.ttf */; };
		68677091D040466DA01058FC /* Stylish-Regular.ttf in Resources */ = {isa = PBXBuildFile; fileRef = 1E7E305694624563A1C34020 /* Stylish-Regular.ttf */; };
/* End PBXBuildFile section */

/* Begin PBXFileReference section */
		83D1D15E596243A187B3D12E /* SignUpView.swift */ = {isa = PBXFileReference; lastKnownFileType = sourcecode.swift; path = SignUpView.swift; sourceTree = "<group>"; };
		25603DBD67304B5DBC50CDB7 /* NewPetProfileView.swift */ = {isa = PBXFileReference; lastKnownFileType = sourcecode.swift; path = NewPetProfileView.swift; sourceTree = "<group>"; };
		CA96F9FDAE4244DB93CD29C6 /* NewPetAccountView.swift */ = {isa = PBXFileReference; lastKnownFileType = sourcecode.swift; path = NewPetAccountView.swift; sourceTree = "<group>"; };
		5CF08C1294A64E9E8BFAB6B9 /* NewPaywallView.swift */ = {isa = PBXFileReference; lastKnownFileType = sourcecode.swift; path = NewPaywallView.swift; sourceTree = "<group>"; };
		C5BF8E53A25440CD853EC25D /* NewOnboardingView.swift */ = {isa = PBXFileReference; lastKnownFileType = sourcecode.swift; path = NewOnboardingView.swift; sourceTree = "<group>"; };
		D3B9BB6CDD8E400F94D253E4 /* NewMainTabView.swift */ = {isa = PBXFileReference; lastKnownFileType = sourcecode.swift; path = NewMainTabView.swift; sourceTree = "<group>"; };
		15AAB71C3ADA405BB6E9D340 /* NewChatView.swift */ = {isa = PBXFileReference; lastKnownFileType = sourcecode.swift; path = NewChatView.swift; sourceTree = "<group>"; };
		E6C5F0CB2D444B658A525515 /* DailyLogEntryView.swift */ = {isa = PBXFileReference; lastKnownFileType = sourcecode.swift; path = DailyLogEntryView.swift; sourceTree = "<group>"; };
		LOGDETAIL0002000000000001 /* LogDetailView.swift */ = {isa = PBXFileReference; lastKnownFileType = sourcecode.swift; path = LogDetailView.swift; sourceTree = "<group>"; };
		NOTIFMGR0002000000000001 /* NotificationManager.swift */ = {isa = PBXFileReference; lastKnownFileType = sourcecode.swift; path = NotificationManager.swift; sourceTree = "<group>"; };
		HEALTHLOGSYNC002000000001 /* HealthLogSyncService.swift */ = {isa = PBXFileReference; lastKnownFileType = sourcecode.swift; path = HealthLogSyncService.swift; sourceTree = "<group>"; };
		NOTIFSETTINGS002000000001 /* NotificationSettingsView.swift */ = {isa = PBXFileReference; lastKnownFileType = sourcecode.swift; path = NotificationSettingsView.swift; sourceTree = "<group>"; };
		WEIGHTTRACK0002000000001 /* WeightTrackingView.swift */ = {isa = PBXFileReference; lastKnownFileType = sourcecode.swift; path = WeightTrackingView.swift; sourceTree = "<group>"; };
		0E846120EE184CE98CF7FC84 /* HomeDashboardView.swift */ = {isa = PBXFileReference; lastKnownFileType = sourcecode.swift; path = HomeDashboardView.swift; sourceTree = "<group>"; };
		HEALTHLOG0002000000000001 /* HealthLogEntry.swift */ = {isa = PBXFileReference; lastKnownFileType = sourcecode.swift; path = HealthLogEntry.swift; sourceTree = "<group>"; };
		HEALTHTIMELINE0002000001 /* HealthTimelineView.swift */ = {isa = PBXFileReference; lastKnownFileType = sourcecode.swift; path = HealthTimelineView.swift; sourceTree = "<group>"; };
		PETHEALTHSCORE0002000001 /* PetHealthScore.swift */ = {isa = PBXFileReference; lastKnownFileType = sourcecode.swift; path = PetHealthScore.swift; sourceTree = "<group>"; };
		PETHEALTHSCOREVIEW000002 /* PetHealthScoreView.swift */ = {isa = PBXFileReference; lastKnownFileType = sourcecode.swift; path = PetHealthScoreView.swift; sourceTree = "<group>"; };
		PETREMINDER00002000001 /* PetReminder.swift */ = {isa = PBXFileReference; lastKnownFileType = sourcecode.swift; path = PetReminder.swift; sourceTree = "<group>"; };
		PETREMINDERSVIEW000002 /* PetRemindersView.swift */ = {isa = PBXFileReference; lastKnownFileType = sourcecode.swift; path = PetRemindersView.swift; sourceTree = "<group>"; };
		VETSUMMARYEXPORT000002 /* VetSummaryExportView.swift */ = {isa = PBXFileReference; lastKnownFileType = sourcecode.swift; path = VetSummaryExportView.swift; sourceTree = "<group>"; };
		PETSWITCHERVIEW0000002 /* PetSwitcherView.swift */ = {isa = PBXFileReference; lastKnownFileType = sourcecode.swift; path = PetSwitcherView.swift; sourceTree = "<group>"; };
		HEALTHINSIGHTS00000002 /* HealthInsightsDashboardView.swift */ = {isa = PBXFileReference; lastKnownFileType = sourcecode.swift; path = HealthInsightsDashboardView.swift; sourceTree = "<group>"; };
		PHOTOATTACHMENT0000002 /* PhotoAttachmentView.swift */ = {isa = PBXFileReference; lastKnownFileType = sourcecode.swift; path = PhotoAttachmentView.swift; sourceTree = "<group>"; };
		ANIMATIONSPOLISH000002 /* AnimationsAndPolish.swift */ = {isa = PBXFileReference; lastKnownFileType = sourcecode.swift; path = AnimationsAndPolish.swift; sourceTree = "<group>"; };
		A1000017000000000000001 /* DogHealthApp.app */ = {isa = PBXFileReference; explicitFileType = wrapper.application; includeInIndex = 0; path = DogHealthApp.app; sourceTree = BUILT_PRODUCTS_DIR; };
		A1000002000000000000001 /* DogHealthAppApp.swift */ = {isa = PBXFileReference; lastKnownFileType = sourcecode.swift; path = DogHealthAppApp.swift; sourceTree = "<group>"; };
		A1000004000000000000001 /* ContentView.swift */ = {isa = PBXFileReference; lastKnownFileType = sourcecode.swift; path = ContentView.swift; sourceTree = "<group>"; };
		A1000006000000000000001 /* Assets.xcassets */ = {isa = PBXFileReference; lastKnownFileType = folder.assetcatalog; path = Assets.xcassets; sourceTree = "<group>"; };
		A1000008000000000000001 /* OnboardingView.swift */ = {isa = PBXFileReference; lastKnownFileType = sourcecode.swift; path = OnboardingView.swift; sourceTree = "<group>"; };
		A1000010000000000000001 /* SignInView.swift */ = {isa = PBXFileReference; lastKnownFileType = sourcecode.swift; path = SignInView.swift; sourceTree = "<group>"; };
		A1000012000000000000001 /* PaywallView.swift */ = {isa = PBXFileReference; lastKnownFileType = sourcecode.swift; path = PaywallView.swift; sourceTree = "<group>"; };
		A1000014000000000000001 /* ChatView.swift */ = {isa = PBXFileReference; lastKnownFileType = sourcecode.swift; path = ChatView.swift; sourceTree = "<group>"; };
		A1000016000000000000001 /* APIConfig.swift */ = {isa = PBXFileReference; lastKnownFileType = sourcecode.swift; path = APIConfig.swift; sourceTree = "<group>"; };

		A0A1000034000000000000001 /* PetlyColors.swift */ = {isa = PBXFileReference; lastKnownFileType = sourcecode.swift; path = PetlyColors.swift; sourceTree = "<group>"; };
		A0A1000034000000000000003 /* Dog.swift */ = {isa = PBXFileReference; lastKnownFileType = sourcecode.swift; path = Dog.swift; sourceTree = "<group>"; };
		A0A1000034000000000000005 /* Message.swift */ = {isa = PBXFileReference; lastKnownFileType = sourcecode.swift; path = Message.swift; sourceTree = "<group>"; };
		A0A1000034000000000000007 /* User.swift */ = {isa = PBXFileReference; lastKnownFileType = sourcecode.swift; path = User.swift; sourceTree = "<group>"; };
		A0A1000034000000000000009 /* APIService.swift */ = {isa = PBXFileReference; lastKnownFileType = sourcecode.swift; path = APIService.swift; sourceTree = "<group>"; };

		A0A1000060000000000000001 /* MainTabView.swift */ = {isa = PBXFileReference; lastKnownFileType = sourcecode.swift; path = MainTabView.swift; sourceTree = "<group>"; };
		A0A1000060000000000000003 /* PetProfileView.swift */ = {isa = PBXFileReference; lastKnownFileType = sourcecode.swift; path = PetProfileView.swift; sourceTree = "<group>"; };
		A0A1000060000000000000005 /* SettingsView.swift */ = {isa = PBXFileReference; lastKnownFileType = sourcecode.swift; path = SettingsView.swift; sourceTree = "<group>"; };
		7ADBB396E3104B03AE31F1E7 /* Poppins-Regular.ttf */ = {isa = PBXFileReference; lastKnownFileType = file; path = DogHealthApp/Fonts/Poppins-Regular.ttf; sourceTree = SOURCE_ROOT; };
		7780EAE97E794411A98F2973 /* Poppins-Medium.ttf */ = {isa = PBXFileReference; lastKnownFileType = file; path = DogHealthApp/Fonts/Poppins-Medium.ttf; sourceTree = SOURCE_ROOT; };
		1E7E305694624563A1C34020 /* Stylish-Regular.ttf */ = {isa = PBXFileReference; lastKnownFileType = file; path = DogHealthApp/Fonts/Stylish-Regular.ttf; sourceTree = SOURCE_ROOT; };
		23D6C727BE054D189567FE9F /* Info.plist */ = {isa = PBXFileReference; lastKnownFileType = text.plist.xml; path = Info.plist; sourceTree = "<group>"; };
/* End PBXFileReference section */

/* Begin PBXFrameworksBuildPhase section */
		A1000018000000000000001 /* Frameworks */ = {
			isa = PBXFrameworksBuildPhase;
			buildActionMask = 2147483647;
			files = (
			);
			runOnlyForDeploymentPostprocessing = 0;
		};
/* End PBXFrameworksBuildPhase section */

/* Begin PBXGroup section */
		A1000019000000000000001 = {
			isa = PBXGroup;
			children = (
				A1000020000000000000001 /* DogHealthApp */,
				A1000021000000000000001 /* Products */,
			);
			sourceTree = "<group>";
		};
		A1000020000000000000001 /* DogHealthApp */ = {
			isa = PBXGroup;
			children = (
				A1000002000000000000001 /* DogHealthAppApp.swift */,
				A1000004000000000000001 /* ContentView.swift */,
				A1000022000000000000001 /* Views */,
				A1000023000000000000001 /* Utils */,
				A1000006000000000000001 /* Assets.xcassets */,
				33786989129549ECA43EE73E /* LaunchScreen.storyboard */,
			
				A1000050000000000000001 /* Theme */,
				A1000051000000000000001 /* Models */,
				A1000052000000000000001 /* Services */,
				A1000053000000000000001 /* Config */,
);
			path = DogHealthApp;
			sourceTree = "<group>";
		};
		A1000021000000000000001 /* Products */ = {
			isa = PBXGroup;
			children = (
				A1000017000000000000001 /* DogHealthApp.app */,
			);
			name = Products;
			sourceTree = "<group>";
		};
		A1000022000000000000001 /* Views */ = {
			isa = PBXGroup;
			children = (
				A1000008000000000000001 /* OnboardingView.swift */,
				A1000010000000000000001 /* SignInView.swift */,
				A1000012000000000000001 /* PaywallView.swift */,
				A1000014000000000000001 /* ChatView.swift */,
			
				A0A1000060000000000000001 /* MainTabView.swift */,
				A0A1000060000000000000003 /* PetProfileView.swift */,
				A0A1000060000000000000005 /* SettingsView.swift */,
				0E846120EE184CE98CF7FC84 /* HomeDashboardView.swift */,
				E6C5F0CB2D444B658A525515 /* DailyLogEntryView.swift */,
				LOGDETAIL0002000000000001 /* LogDetailView.swift */,
				NOTIFSETTINGS002000000001 /* NotificationSettingsView.swift */,
				WEIGHTTRACK0002000000001 /* WeightTrackingView.swift */,
				HEALTHTIMELINE0002000001 /* HealthTimelineView.swift */,
				PETHEALTHSCOREVIEW000002 /* PetHealthScoreView.swift */,
				PETREMINDERSVIEW000002 /* PetRemindersView.swift */,
				VETSUMMARYEXPORT000002 /* VetSummaryExportView.swift */,
				PETSWITCHERVIEW0000002 /* PetSwitcherView.swift */,
				HEALTHINSIGHTS00000002 /* HealthInsightsDashboardView.swift */,
				PHOTOATTACHMENT0000002 /* PhotoAttachmentView.swift */,
				15AAB71C3ADA405BB6E9D340 /* NewChatView.swift */,
				D3B9BB6CDD8E400F94D253E4 /* NewMainTabView.swift */,
				C5BF8E53A25440CD853EC25D /* NewOnboardingView.swift */,
				5CF08C1294A64E9E8BFAB6B9 /* NewPaywallView.swift */,
				CA96F9FDAE4244DB93CD29C6 /* NewPetAccountView.swift */,
				25603DBD67304B5DBC50CDB7 /* NewPetProfileView.swift */,
				83D1D15E596243A187B3D12E /* SignUpView.swift */,
);
			path = Views;
			sourceTree = "<group>";
		};
	
	A1000050000000000000001 /* Theme */ = {
		isa = PBXGroup;
		children = (
			A0A1000034000000000000001 /* PetlyColors.swift */,
		);
		path = Theme;
		sourceTree = "<group>";
	};
	A1000051000000000000001 /* Models */ = {
		isa = PBXGroup;
		children = (
			A0A1000034000000000000003 /* Dog.swift */,
			A0A1000034000000000000005 /* Message.swift */,
			A0A1000034000000000000007 /* User.swift */,
			HEALTHLOG0002000000000001 /* HealthLogEntry.swift */,
			PETHEALTHSCORE0002000001 /* PetHealthScore.swift */,
			PETREMINDER00002000001 /* PetReminder.swift */,
		);
		path = Models;
		sourceTree = "<group>";
	};
	A1000052000000000000001 /* Services */ = {
		isa = PBXGroup;
		children = (
			A0A1000034000000000000009 /* APIService.swift */,
			NOTIFMGR0002000000000001 /* NotificationManager.swift */,
			HEALTHLOGSYNC002000000001 /* HealthLogSyncService.swift */,
		);
		path = Services;
		sourceTree = "<group>";
	};
	A1000053000000000000001 /* Config */ = {
		isa = PBXGroup;
		children = (
			A1000016000000000000001 /* APIConfig.swift */,
		);
		path = Config;
		sourceTree = "<group>";
	};
/* End PBXGroup section */

/* Begin PBXNativeTarget section */
		A1000024000000000000001 /* DogHealthApp */ = {
			isa = PBXNativeTarget;
			buildConfigurationList = A1000025000000000000001 /* Build configuration list for PBXNativeTarget "DogHealthApp" */;
			buildPhases = (
				A1000026000000000000001 /* Sources */,
				A1000018000000000000001 /* Frameworks */,
				A1000027000000000000001 /* Resources */,
			);
			buildRules = (
			);
			dependencies = (
			);
			name = DogHealthApp;
			productName = DogHealthApp;
			productReference = A1000017000000000000001 /* DogHealthApp.app */;
			productType = "com.apple.product-type.application";
		};
/* End PBXNativeTarget section */

/* Begin PBXProject section */
		A1000028000000000000001 /* Project object */ = {
			isa = PBXProject;
			attributes = {
				BuildIndependentTargetsInParallel = 1;
				LastSwiftUpdateCheck = 1500;
				LastUpgradeCheck = 1500;
				TargetAttributes = {
					A1000024000000000000001 = {
						CreatedOnToolsVersion = 15.0;
					};
				};
			};
			buildConfigurationList = A1000029000000000000001 /* Build configuration list for PBXProject "DogHealthApp" */;
			compatibilityVersion = "Xcode 14.0";
			developmentRegion = en;
			hasScannedForEncodings = 0;
			knownRegions = (
				en,
				Base,
			);
			mainGroup = A1000019000000000000001;
			productRefGroup = A1000021000000000000001 /* Products */;
			projectDirPath = "";
			projectRoot = "";
			targets = (
				A1000024000000000000001 /* DogHealthApp */,
			);
		};
/* End PBXProject section */

/* Begin PBXResourcesBuildPhase section */
		A1000027000000000000001 /* Resources */ = {
			isa = PBXResourcesBuildPhase;
			buildActionMask = 2147483647;
			files = (
				A1000005000000000000001 /* Assets.xcassets in Resources */,
				D9436F7956C74F56B210E6D2 /* LaunchScreen.storyboard in Resources */,
				625AA4EFFCD84AF08CBFA15E /* Poppins-Regular.ttf in Resources */,
				20F91AFFDE384C0C9AAADEC9 /* Poppins-Medium.ttf in Resources */,
				B91D276A3DB64339AECD783D /* Stylish-Regular.ttf in Resources */,
							2789FA520A6842ECA2DA30AB /* HomeDashboardView.swift in Sources */,
				BA245AD6B5B94807B145A150 /* DailyLogEntryView.swift in Sources */,
				0437D52CB6B545449A102486 /* NewChatView.swift in Sources */,
				B00C686DB8E14827ADB78F3F /* NewMainTabView.swift in Sources */,
				8934856F7603453EAA304EB1 /* NewOnboardingView.swift in Sources */,
				B51D2AE5EB48440CB2CF6B79 /* NewPaywallView.swift in Sources */,
				210226CBED1D4D819D693D46 /* NewPetAccountView.swift in Sources */,
				5F17587F06D24AB9AE7AE78D /* NewPetProfileView.swift in Sources */,
				C986E7777905418090EC1B8A /* SignUpView.swift in Sources */,

				E1638163DC7D4DABBF89F109 /* Poppins-Regular.ttf in Resources */,
				14792D4B354E43C695787430 /* Poppins-Medium.ttf in Resources */,
				68677091D040466DA01058FC /* Stylish-Regular.ttf in Resources */,);
			runOnlyForDeploymentPostprocessing = 0;
		};
/* End PBXResourcesBuildPhase section */

/* Begin PBXSourcesBuildPhase section */
		A1000026000000000000001 /* Sources */ = {
			isa = PBXSourcesBuildPhase;
			buildActionMask = 2147483647;
			files = (
				A1000003000000000000001 /* ContentView.swift in Sources */,
				A1000001000000000000001 /* DogHealthAppApp.swift in Sources */,
				A1000007000000000000001 /* OnboardingView.swift in Sources */,
				A1000009000000000000001 /* SignInView.swift in Sources */,
				A1000011000000000000001 /* PaywallView.swift in Sources */,
				A1000013000000000000001 /* ChatView.swift in Sources */,
				A1000015000000000000001 /* APIConfig.swift in Sources */,
			
				A0A1000034000000000000002 /* PetlyColors.swift in Sources */,
				A0A1000034000000000000004 /* Dog.swift in Sources */,
				A0A1000034000000000000006 /* Message.swift in Sources */,
				A0A1000034000000000000008 /* User.swift in Sources */,
				A0A100003400000000000000A /* APIService.swift in Sources */,

				A0A1000060000000000000002 /* MainTabView.swift in Sources */,
				A0A1000060000000000000004 /* PetProfileView.swift in Sources */,
				A0A1000060000000000000006 /* SettingsView.swift in Sources */,
				B00C686DB8E14827ADB78F3F /* NewMainTabView.swift in Sources */,
				8934856F7603453EAA304EB1 /* NewOnboardingView.swift in Sources */,
				B51D2AE5EB48440CB2CF6B79 /* NewPaywallView.swift in Sources */,
				0437D52CB6B545449A102486 /* NewChatView.swift in Sources */,
				BA245AD6B5B94807B145A150 /* DailyLogEntryView.swift in Sources */,
				LOGDETAIL0001000000000001 /* LogDetailView.swift in Sources */,
				NOTIFMGR0001000000000001 /* NotificationManager.swift in Sources */,
				HEALTHLOGSYNC001000000001 /* HealthLogSyncService.swift in Sources */,
				NOTIFSETTINGS001000000001 /* NotificationSettingsView.swift in Sources */,
				WEIGHTTRACK0001000000001 /* WeightTrackingView.swift in Sources */,
				2789FA520A6842ECA2DA30AB /* HomeDashboardView.swift in Sources */,
				HEALTHLOG0001000000000001 /* HealthLogEntry.swift in Sources */,
				HEALTHTIMELINE0001000001 /* HealthTimelineView.swift in Sources */,
				PETHEALTHSCORE0001000001 /* PetHealthScore.swift in Sources */,
				PETHEALTHSCOREVIEW000001 /* PetHealthScoreView.swift in Sources */,
				ANIMATIONSPOLISH000001 /* AnimationsAndPolish.swift in Sources */,
				PETREMINDER00001000001 /* PetReminder.swift in Sources */,
				PETREMINDERSVIEW000001 /* PetRemindersView.swift in Sources */,
				VETSUMMARYEXPORT000001 /* VetSummaryExportView.swift in Sources */,
				PETSWITCHERVIEW0000001 /* PetSwitcherView.swift in Sources */,
				HEALTHINSIGHTS00000001 /* HealthInsightsDashboardView.swift in Sources */,
				PHOTOATTACHMENT0000001 /* PhotoAttachmentView.swift in Sources */,
				5F17587F06D24AB9AE7AE78D /* NewPetProfileView.swift in Sources */,
				210226CBED1D4D819D693D46 /* NewPetAccountView.swift in Sources */,
				C986E7777905418090EC1B8A /* SignUpView.swift in Sources */,
);
			runOnlyForDeploymentPostprocessing = 0;
		};
/* End PBXSourcesBuildPhase section */

/* Begin XCBuildConfiguration section */
		A1000030000000000000001 /* Debug */ = {
			isa = XCBuildConfiguration;
			buildSettings = {
				ALWAYS_SEARCH_USER_PATHS = NO;
				ASSETCATALOG_COMPILER_GENERATE_SWIFT_ASSET_SYMBOL_EXTENSIONS = YES;
				CLANG_ANALYZER_NONNULL = YES;
				CLANG_ANALYZER_NUMBER_OBJECT_CONVERSION = YES_AGGRESSIVE;
				CLANG_CXX_LANGUAGE_STANDARD = "gnu++20";
				CLANG_ENABLE_MODULES = YES;
				CLANG_ENABLE_OBJC_ARC = YES;
				CLANG_ENABLE_OBJC_WEAK = YES;
				CLANG_WARN_BLOCK_CAPTURE_AUTORELEASING = YES;
				CLANG_WARN_BOOL_CONVERSION = YES;
				CLANG_WARN_COMMA = YES;
				CLANG_WARN_CONSTANT_CONVERSION = YES;
				CLANG_WARN_DEPRECATED_OBJC_IMPLEMENTATIONS = YES;
				CLANG_WARN_DIRECT_OBJC_ISA_USAGE = YES_ERROR;
				CLANG_WARN_DOCUMENTATION_COMMENTS = YES;
				CLANG_WARN_EMPTY_BODY = YES;
				CLANG_WARN_ENUM_CONVERSION = YES;
				CLANG_WARN_INFINITE_RECURSION = YES;
				CLANG_WARN_INT_CONVERSION = YES;
				CLANG_WARN_NON_LITERAL_NULL_CONVERSION = YES;
				CLANG_WARN_OBJC_IMPLICIT_RETAIN_SELF = YES;
				CLANG_WARN_OBJC_LITERAL_CONVERSION = YES;
				CLANG_WARN_OBJC_ROOT_CLASS = YES_ERROR;
				CLANG_WARN_QUOTED_INCLUDE_IN_FRAMEWORK_HEADER = YES;
				CLANG_WARN_RANGE_LOOP_ANALYSIS = YES;
				CLANG_WARN_STRICT_PROTOTYPES = YES;
				CLANG_WARN_SUSPICIOUS_MOVE = YES;
				CLANG_WARN_UNGUARDED_AVAILABILITY = YES_AGGRESSIVE;
				CLANG_WARN_UNREACHABLE_CODE = YES;
				CLANG_WARN__DUPLICATE_METHOD_MATCH = YES;
				COPY_PHASE_STRIP = NO;
				DEBUG_INFORMATION_FORMAT = dwarf;
				ENABLE_STRICT_OBJC_MSGSEND = YES;
				ENABLE_TESTABILITY = YES;
				ENABLE_USER_SCRIPT_SANDBOXING = YES;
				GCC_C_LANGUAGE_STANDARD = gnu17;
				GCC_DYNAMIC_NO_PIC = NO;
				GCC_NO_COMMON_BLOCKS = YES;
				GCC_OPTIMIZATION_LEVEL = 0;
				GCC_PREPROCESSOR_DEFINITIONS = (
					"DEBUG=1",
					"$(inherited)",
				);
				GCC_WARN_64_TO_32_BIT_CONVERSION = YES;
				GCC_WARN_ABOUT_RETURN_TYPE = YES_ERROR;
				GCC_WARN_UNDECLARED_SELECTOR = YES;
				GCC_WARN_UNINITIALIZED_AUTOS = YES_AGGRESSIVE;
				GCC_WARN_UNUSED_FUNCTION = YES;
				GCC_WARN_UNUSED_VARIABLE = YES;
				IPHONEOS_DEPLOYMENT_TARGET = 17.0;
				LOCALIZATION_PREFERS_STRING_CATALOGS = YES;
				MTL_ENABLE_DEBUG_INFO = INCLUDE_SOURCE;
				MTL_FAST_MATH = YES;
				ONLY_ACTIVE_ARCH = YES;
				SDKROOT = iphoneos;
				SWIFT_ACTIVE_COMPILATION_CONDITIONS = "DEBUG $(inherited)";
				SWIFT_OPTIMIZATION_LEVEL = "-Onone";
			};
			name = Debug;
		};
		A1000031000000000000001 /* Release */ = {
			isa = XCBuildConfiguration;
			buildSettings = {
				ALWAYS_SEARCH_USER_PATHS = NO;
				ASSETCATALOG_COMPILER_GENERATE_SWIFT_ASSET_SYMBOL_EXTENSIONS = YES;
				CLANG_ANALYZER_NONNULL = YES;
				CLANG_ANALYZER_NUMBER_OBJECT_CONVERSION = YES_AGGRESSIVE;
				CLANG_CXX_LANGUAGE_STANDARD = "gnu++20";
				CLANG_ENABLE_MODULES = YES;
				CLANG_ENABLE_OBJC_ARC = YES;
				CLANG_ENABLE_OBJC_WEAK = YES;
				CLANG_WARN_BLOCK_CAPTURE_AUTORELEASING = YES;
				CLANG_WARN_BOOL_CONVERSION = YES;
				CLANG_WARN_COMMA = YES;
				CLANG_WARN_CONSTANT_CONVERSION = YES;
				CLANG_WARN_DEPRECATED_OBJC_IMPLEMENTATIONS = YES;
				CLANG_WARN_DIRECT_OBJC_ISA_USAGE = YES_ERROR;
				CLANG_WARN_DOCUMENTATION_COMMENTS = YES;
				CLANG_WARN_EMPTY_BODY = YES;
				CLANG_WARN_ENUM_CONVERSION = YES;
				CLANG_WARN_INFINITE_RECURSION = YES;
				CLANG_WARN_INT_CONVERSION = YES;
				CLANG_WARN_NON_LITERAL_NULL_CONVERSION = YES;
				CLANG_WARN_OBJC_IMPLICIT_RETAIN_SELF = YES;
				CLANG_WARN_OBJC_LITERAL_CONVERSION = YES;
				CLANG_WARN_OBJC_ROOT_CLASS = YES_ERROR;
				CLANG_WARN_QUOTED_INCLUDE_IN_FRAMEWORK_HEADER = YES;
				CLANG_WARN_RANGE_LOOP_ANALYSIS = YES;
				CLANG_WARN_STRICT_PROTOTYPES = YES;
				CLANG_WARN_SUSPICIOUS_MOVE = YES;
				CLANG_WARN_UNGUARDED_AVAILABILITY = YES_AGGRESSIVE;
				CLANG_WARN_UNREACHABLE_CODE = YES;
				CLANG_WARN__DUPLICATE_METHOD_MATCH = YES;
				COPY_PHASE_STRIP = NO;
				DEBUG_INFORMATION_FORMAT = "dwarf-with-dsym";
				ENABLE_NS_ASSERTIONS = NO;
				ENABLE_STRICT_OBJC_MSGSEND = YES;
				ENABLE_USER_SCRIPT_SANDBOXING = YES;
				GCC_C_LANGUAGE_STANDARD = gnu17;
				GCC_NO_COMMON_BLOCKS = YES;
				GCC_WARN_64_TO_32_BIT_CONVERSION = YES;
				GCC_WARN_ABOUT_RETURN_TYPE = YES_ERROR;
				GCC_WARN_UNDECLARED_SELECTOR = YES;
				GCC_WARN_UNINITIALIZED_AUTOS = YES_AGGRESSIVE;
				GCC_WARN_UNUSED_FUNCTION = YES;
				GCC_WARN_UNUSED_VARIABLE = YES;
				IPHONEOS_DEPLOYMENT_TARGET = 17.0;
				LOCALIZATION_PREFERS_STRING_CATALOGS = YES;
				MTL_ENABLE_DEBUG_INFO = NO;
				MTL_FAST_MATH = YES;
				SDKROOT = iphoneos;
				SWIFT_COMPILATION_MODE = wholemodule;
				VALIDATE_PRODUCT = YES;
			};
			name = Release;
		};
		A1000032000000000000001 /* Debug */ = {
			isa = XCBuildConfiguration;
			buildSettings = {
				ASSETCATALOG_COMPILER_APPICON_NAME = AppIcon;
				ASSETCATALOG_COMPILER_GLOBAL_ACCENT_COLOR_NAME = AccentColor;
				CODE_SIGN_STYLE = Automatic;
				CURRENT_PROJECT_VERSION = 1;
				DEVELOPMENT_TEAM = "";
				ENABLE_PREVIEWS = YES;
				INFOPLIST_FILE = DogHealthApp/Info.plist;
				INFOPLIST_KEY_CFBundleIconName = AppIcon;
				INFOPLIST_KEY_UIApplicationSceneManifest_Generation = YES;
				INFOPLIST_KEY_UIApplicationSupportsIndirectInputEvents = YES;
				INFOPLIST_KEY_UILaunchScreen_Generation = YES;
				INFOPLIST_KEY_UISupportedInterfaceOrientations = UIInterfaceOrientationPortrait;
				INFOPLIST_KEY_UISupportedInterfaceOrientations_iPad = "UIInterfaceOrientationLandscapeLeft UIInterfaceOrientationLandscapeRight UIInterfaceOrientationPortrait UIInterfaceOrientationPortraitUpsideDown";
				IPHONEOS_DEPLOYMENT_TARGET = 17.0;
				LD_RUNPATH_SEARCH_PATHS = (
					"$(inherited)",
					"@executable_path/Frameworks",
				);
				MARKETING_VERSION = 1.0;
				PRODUCT_BUNDLE_IDENTIFIER = com.johnathongordon.doghealthapp;
				PRODUCT_NAME = "$(TARGET_NAME)";
				SUPPORTED_PLATFORMS = "iphoneos iphonesimulator";
				SUPPORTS_MACCATALYST = NO;
				SUPPORTS_MAC_DESIGNED_FOR_IPHONE_IPAD = NO;
				SUPPORTS_XR_DESIGNED_FOR_IPHONE_IPAD = NO;
				SWIFT_EMIT_LOC_STRINGS = YES;
				SWIFT_VERSION = 5.0;
				TARGETED_DEVICE_FAMILY = 1;
			};
			name = Debug;
		};
		A1000033000000000000001 /* Release */ = {
			isa = XCBuildConfiguration;
			buildSettings = {
				ASSETCATALOG_COMPILER_APPICON_NAME = AppIcon;
				ASSETCATALOG_COMPILER_GLOBAL_ACCENT_COLOR_NAME = AccentColor;
				CODE_SIGN_STYLE = Automatic;
				CURRENT_PROJECT_VERSION = 1;
				DEVELOPMENT_TEAM = "";
				ENABLE_PREVIEWS = YES;
				GENERATE_INFOPLIST_FILE = YES;
				INFOPLIST_KEY_CFBundleIconName = AppIcon;
				INFOPLIST_KEY_UIApplicationSceneManifest_Generation = YES;
				INFOPLIST_KEY_UIApplicationSupportsIndirectInputEvents = YES;
				INFOPLIST_KEY_UILaunchScreen_Generation = YES;
				INFOPLIST_KEY_UISupportedInterfaceOrientations = UIInterfaceOrientationPortrait;
				INFOPLIST_KEY_UISupportedInterfaceOrientations_iPad = "UIInterfaceOrientationLandscapeLeft UIInterfaceOrientationLandscapeRight UIInterfaceOrientationPortrait UIInterfaceOrientationPortraitUpsideDown";
				IPHONEOS_DEPLOYMENT_TARGET = 17.0;
				LD_RUNPATH_SEARCH_PATHS = (
					"$(inherited)",
					"@executable_path/Frameworks",
				);
				MARKETING_VERSION = 1.0;
				PRODUCT_BUNDLE_IDENTIFIER = com.johnathongordon.doghealthapp;
				PRODUCT_NAME = "$(TARGET_NAME)";
				SUPPORTED_PLATFORMS = "iphoneos iphonesimulator";
				SUPPORTS_MACCATALYST = NO;
				SUPPORTS_MAC_DESIGNED_FOR_IPHONE_IPAD = NO;
				SUPPORTS_XR_DESIGNED_FOR_IPHONE_IPAD = NO;
				SWIFT_EMIT_LOC_STRINGS = YES;
				SWIFT_VERSION = 5.0;
				TARGETED_DEVICE_FAMILY = 1;
			};
			name = Release;
		};
/* End XCBuildConfiguration section */

/* Begin XCConfigurationList section */
		A1000029000000000000001 /* Build configuration list for PBXProject "DogHealthApp" */ = {
			isa = XCConfigurationList;
			buildConfigurations = (
				A1000030000000000000001 /* Debug */,
				A1000031000000000000001 /* Release */,
			);
			defaultConfigurationIsVisible = 0;
			defaultConfigurationName = Release;
		};
		A1000025000000000000001 /* Build configuration list for PBXNativeTarget "DogHealthApp" */ = {
			isa = XCConfigurationList;
			buildConfigurations = (
				A1000032000000000000001 /* Debug */,
				A1000033000000000000001 /* Release */,
			);
			defaultConfigurationIsVisible = 0;
			defaultConfigurationName = Release;
		};
/* End XCConfigurationList section */
	};
	rootObject = A1000028000000000000001 /* Project object */;
}
